
Microsoft Visual Studio Solution File, Format Version 12.00
# Visual Studio Version 16
VisualStudioVersion = 16.0.30907.101
MinimumVisualStudioVersion = 10.0.40219.1
Project("{FAE04EC0-301F-11D3-BF4B-00C04F79EFBC}") = "TicTacToe", "TicTacToe.csproj", "{D27EED9A-0137-4925-AAE8-391F63A95D1A}"
EndProject
Global
	GlobalSection(SolutionConfigurationPlatforms) = preSolution
		Debug|Any CPU = Debug|Any CPU
		Release|Any CPU = Release|Any CPU
	EndGlobalSection
	GlobalSection(ProjectConfigurationPlatforms) = postSolution
		{D27EED9A-0137-4925-AAE8-391F63A95D1A}.Debug|Any CPU.ActiveCfg = Debug|Any CPU
		{D27EED9A-0137-4925-AAE8-391F63A95D1A}.Debug|Any CPU.Build.0 = Debug|Any CPU
		{D27EED9A-0137-4925-AAE8-391F63A95D1A}.Release|Any CPU.ActiveCfg = Release|Any CPU
		{D27EED9A-0137-4925-AAE8-391F63A95D1A}.Release|Any CPU.Build.0 = Release|Any CPU
	EndGlobalSection
	GlobalSection(SolutionProperties) = preSolution
		HideSolutionNode = FALSE
	EndGlobalSection
	GlobalSection(ExtensibilityGlobals) = postSolution
		SolutionGuid = {0B8C480C-8703-4E96-8127-28148E947CF6}
	EndGlobalSection
EndGlobal
